// !$*UTF8*$!
{
	archiveVersion = 1;
	classes = {
	};
	objectVersion = 46;
	objects = {

/* Begin PBXBuildFile section */
		4C00ED8C18A933DF00144262 /* Foundation.framework in Frameworks */ = {isa = PBXBuildFile; fileRef = 4C00ED8B18A933DF00144262 /* Foundation.framework */; };
		4C00ED8E18A933DF00144262 /* CoreGraphics.framework in Frameworks */ = {isa = PBXBuildFile; fileRef = 4C00ED8D18A933DF00144262 /* CoreGraphics.framework */; };
		4C00ED9018A933DF00144262 /* UIKit.framework in Frameworks */ = {isa = PBXBuildFile; fileRef = 4C00ED8F18A933DF00144262 /* UIKit.framework */; };
		4C00ED9618A933DF00144262 /* InfoPlist.strings in Resources */ = {isa = PBXBuildFile; fileRef = 4C00ED9418A933DF00144262 /* InfoPlist.strings */; };
		4C00ED9818A933DF00144262 /* main.m in Sources */ = {isa = PBXBuildFile; fileRef = 4C00ED9718A933DF00144262 /* main.m */; };
		4C00ED9C18A933DF00144262 /* TFAppDelegate.m in Sources */ = {isa = PBXBuildFile; fileRef = 4C00ED9B18A933DF00144262 /* TFAppDelegate.m */; };
		4C00ED9F18A933DF00144262 /* Main.storyboard in Resources */ = {isa = PBXBuildFile; fileRef = 4C00ED9D18A933DF00144262 /* Main.storyboard */; };
		4C00EDA218A933DF00144262 /* TFViewController.m in Sources */ = {isa = PBXBuildFile; fileRef = 4C00EDA118A933DF00144262 /* TFViewController.m */; };
		4C00EDA418A933DF00144262 /* Images.xcassets in Resources */ = {isa = PBXBuildFile; fileRef = 4C00EDA318A933DF00144262 /* Images.xcassets */; };
		4C00EDAB18A933DF00144262 /* XCTest.framework in Frameworks */ = {isa = PBXBuildFile; fileRef = 4C00EDAA18A933DF00144262 /* XCTest.framework */; };
		4C00EDAC18A933DF00144262 /* Foundation.framework in Frameworks */ = {isa = PBXBuildFile; fileRef = 4C00ED8B18A933DF00144262 /* Foundation.framework */; };
		4C00EDAD18A933DF00144262 /* UIKit.framework in Frameworks */ = {isa = PBXBuildFile; fileRef = 4C00ED8F18A933DF00144262 /* UIKit.framework */; };
		4C00EDB518A933DF00144262 /* InfoPlist.strings in Resources */ = {isa = PBXBuildFile; fileRef = 4C00EDB318A933DF00144262 /* InfoPlist.strings */; };
		4C00EDB718A933DF00144262 /* TwitterFeedTests.m in Sources */ = {isa = PBXBuildFile; fileRef = 4C00EDB618A933DF00144262 /* TwitterFeedTests.m */; };
		4C00EDC218A933FA00144262 /* TFTweet.m in Sources */ = {isa = PBXBuildFile; fileRef = 4C00EDC118A933FA00144262 /* TFTweet.m */; };
		4C00EDC518A9347900144262 /* TFTweetService.m in Sources */ = {isa = PBXBuildFile; fileRef = 4C00EDC418A9347900144262 /* TFTweetService.m */; };
/* End PBXBuildFile section */

/* Begin PBXContainerItemProxy section */
		4C00EDAE18A933DF00144262 /* PBXContainerItemProxy */ = {
			isa = PBXContainerItemProxy;
			containerPortal = 4C00ED8018A933DF00144262 /* Project object */;
			proxyType = 1;
			remoteGlobalIDString = 4C00ED8718A933DF00144262;
			remoteInfo = TwitterFeed;
		};
/* End PBXContainerItemProxy section */

/* Begin PBXFileReference section */
		4C00ED8818A933DF00144262 /* TwitterFeed.app */ = {isa = PBXFileReference; explicitFileType = wrapper.application; includeInIndex = 0; path = TwitterFeed.app; sourceTree = BUILT_PRODUCTS_DIR; };
		4C00ED8B18A933DF00144262 /* Foundation.framework */ = {isa = PBXFileReference; lastKnownFileType = wrapper.framework; name = Foundation.framework; path = System/Library/Frameworks/Foundation.framework; sourceTree = SDKROOT; };
		4C00ED8D18A933DF00144262 /* CoreGraphics.framework */ = {isa = PBXFileReference; lastKnownFileType = wrapper.framework; name = CoreGraphics.framework; path = System/Library/Frameworks/CoreGraphics.framework; sourceTree = SDKROOT; };
		4C00ED8F18A933DF00144262 /* UIKit.framework */ = {isa = PBXFileReference; lastKnownFileType = wrapper.framework; name = UIKit.framework; path = System/Library/Frameworks/UIKit.framework; sourceTree = SDKROOT; };
		4C00ED9318A933DF00144262 /* TwitterFeed-Info.plist */ = {isa = PBXFileReference; lastKnownFileType = text.plist.xml; path = "TwitterFeed-Info.plist"; sourceTree = "<group>"; };
		4C00ED9518A933DF00144262 /* en */ = {isa = PBXFileReference; lastKnownFileType = text.plist.strings; name = en; path = en.lproj/InfoPlist.strings; sourceTree = "<group>"; };
		4C00ED9718A933DF00144262 /* main.m */ = {isa = PBXFileReference; lastKnownFileType = sourcecode.c.objc; path = main.m; sourceTree = "<group>"; };
		4C00ED9918A933DF00144262 /* TwitterFeed-Prefix.pch */ = {isa = PBXFileReference; lastKnownFileType = sourcecode.c.h; path = "TwitterFeed-Prefix.pch"; sourceTree = "<group>"; };
		4C00ED9A18A933DF00144262 /* TFAppDelegate.h */ = {isa = PBXFileReference; lastKnownFileType = sourcecode.c.h; path = TFAppDelegate.h; sourceTree = "<group>"; };
		4C00ED9B18A933DF00144262 /* TFAppDelegate.m */ = {isa = PBXFileReference; lastKnownFileType = sourcecode.c.objc; path = TFAppDelegate.m; sourceTree = "<group>"; };
		4C00ED9E18A933DF00144262 /* Base */ = {isa = PBXFileReference; lastKnownFileType = file.storyboard; name = Base; path = Base.lproj/Main.storyboard; sourceTree = "<group>"; };
		4C00EDA018A933DF00144262 /* TFViewController.h */ = {isa = PBXFileReference; lastKnownFileType = sourcecode.c.h; path = TFViewController.h; sourceTree = "<group>"; };
		4C00EDA118A933DF00144262 /* TFViewController.m */ = {isa = PBXFileReference; lastKnownFileType = sourcecode.c.objc; path = TFViewController.m; sourceTree = "<group>"; };
		4C00EDA318A933DF00144262 /* Images.xcassets */ = {isa = PBXFileReference; lastKnownFileType = folder.assetcatalog; path = Images.xcassets; sourceTree = "<group>"; };
		4C00EDA918A933DF00144262 /* TwitterFeedTests.xctest */ = {isa = PBXFileReference; explicitFileType = wrapper.cfbundle; includeInIndex = 0; path = TwitterFeedTests.xctest; sourceTree = BUILT_PRODUCTS_DIR; };
		4C00EDAA18A933DF00144262 /* XCTest.framework */ = {isa = PBXFileReference; lastKnownFileType = wrapper.framework; name = XCTest.framework; path = Library/Frameworks/XCTest.framework; sourceTree = DEVELOPER_DIR; };
		4C00EDB218A933DF00144262 /* TwitterFeedTests-Info.plist */ = {isa = PBXFileReference; lastKnownFileType = text.plist.xml; path = "TwitterFeedTests-Info.plist"; sourceTree = "<group>"; };
		4C00EDB418A933DF00144262 /* en */ = {isa = PBXFileReference; lastKnownFileType = text.plist.strings; name = en; path = en.lproj/InfoPlist.strings; sourceTree = "<group>"; };
		4C00EDB618A933DF00144262 /* TwitterFeedTests.m */ = {isa = PBXFileReference; lastKnownFileType = sourcecode.c.objc; path = TwitterFeedTests.m; sourceTree = "<group>"; };
		4C00EDC018A933FA00144262 /* TFTweet.h */ = {isa = PBXFileReference; fileEncoding = 4; lastKnownFileType = sourcecode.c.h; path = TFTweet.h; sourceTree = "<group>"; };
		4C00EDC118A933FA00144262 /* TFTweet.m */ = {isa = PBXFileReference; fileEncoding = 4; lastKnownFileType = sourcecode.c.objc; path = TFTweet.m; sourceTree = "<group>"; };
		4C00EDC318A9347900144262 /* TFTweetService.h */ = {isa = PBXFileReference; fileEncoding = 4; lastKnownFileType = sourcecode.c.h; path = TFTweetService.h; sourceTree = "<group>"; };
		4C00EDC418A9347900144262 /* TFTweetService.m */ = {isa = PBXFileReference; fileEncoding = 4; lastKnownFileType = sourcecode.c.objc; path = TFTweetService.m; sourceTree = "<group>"; };
/* End PBXFileReference section */

/* Begin PBXFrameworksBuildPhase section */
		4C00ED8518A933DF00144262 /* Frameworks */ = {
			isa = PBXFrameworksBuildPhase;
			buildActionMask = 2147483647;
			files = (
				4C00ED8E18A933DF00144262 /* CoreGraphics.framework in Frameworks */,
				4C00ED9018A933DF00144262 /* UIKit.framework in Frameworks */,
				4C00ED8C18A933DF00144262 /* Foundation.framework in Frameworks */,
			);
			runOnlyForDeploymentPostprocessing = 0;
		};
		4C00EDA618A933DF00144262 /* Frameworks */ = {
			isa = PBXFrameworksBuildPhase;
			buildActionMask = 2147483647;
			files = (
				4C00EDAB18A933DF00144262 /* XCTest.framework in Frameworks */,
				4C00EDAD18A933DF00144262 /* UIKit.framework in Frameworks */,
				4C00EDAC18A933DF00144262 /* Foundation.framework in Frameworks */,
			);
			runOnlyForDeploymentPostprocessing = 0;
		};
/* End PBXFrameworksBuildPhase section */

/* Begin PBXGroup section */
		4C00ED7F18A933DF00144262 = {
			isa = PBXGroup;
			children = (
				4C00ED9118A933DF00144262 /* TwitterFeed */,
				4C00EDB018A933DF00144262 /* TwitterFeedTests */,
				4C00ED8A18A933DF00144262 /* Frameworks */,
				4C00ED8918A933DF00144262 /* Products */,
			);
			sourceTree = "<group>";
		};
		4C00ED8918A933DF00144262 /* Products */ = {
			isa = PBXGroup;
			children = (
				4C00ED8818A933DF00144262 /* TwitterFeed.app */,
				4C00EDA918A933DF00144262 /* TwitterFeedTests.xctest */,
			);
			name = Products;
			sourceTree = "<group>";
		};
		4C00ED8A18A933DF00144262 /* Frameworks */ = {
			isa = PBXGroup;
			children = (
				4C00ED8B18A933DF00144262 /* Foundation.framework */,
				4C00ED8D18A933DF00144262 /* CoreGraphics.framework */,
				4C00ED8F18A933DF00144262 /* UIKit.framework */,
				4C00EDAA18A933DF00144262 /* XCTest.framework */,
			);
			name = Frameworks;
			sourceTree = "<group>";
		};
		4C00ED9118A933DF00144262 /* TwitterFeed */ = {
			isa = PBXGroup;
			children = (
				4C00ED9A18A933DF00144262 /* TFAppDelegate.h */,
				4C00ED9B18A933DF00144262 /* TFAppDelegate.m */,
				4C00ED9D18A933DF00144262 /* Main.storyboard */,
				4C00EDA018A933DF00144262 /* TFViewController.h */,
				4C00EDA118A933DF00144262 /* TFViewController.m */,
				4C00EDA318A933DF00144262 /* Images.xcassets */,
				4C00ED9218A933DF00144262 /* Supporting Files */,
				4C00EDC018A933FA00144262 /* TFTweet.h */,
				4C00EDC118A933FA00144262 /* TFTweet.m */,
				4C00EDC318A9347900144262 /* TFTweetService.h */,
				4C00EDC418A9347900144262 /* TFTweetService.m */,
			);
			path = TwitterFeed;
			sourceTree = "<group>";
		};
		4C00ED9218A933DF00144262 /* Supporting Files */ = {
			isa = PBXGroup;
			children = (
				4C00ED9318A933DF00144262 /* TwitterFeed-Info.plist */,
				4C00ED9418A933DF00144262 /* InfoPlist.strings */,
				4C00ED9718A933DF00144262 /* main.m */,
				4C00ED9918A933DF00144262 /* TwitterFeed-Prefix.pch */,
			);
			name = "Supporting Files";
			sourceTree = "<group>";
		};
		4C00EDB018A933DF00144262 /* TwitterFeedTests */ = {
			isa = PBXGroup;
			children = (
				4C00EDB618A933DF00144262 /* TwitterFeedTests.m */,
				4C00EDB118A933DF00144262 /* Supporting Files */,
			);
			path = TwitterFeedTests;
			sourceTree = "<group>";
		};
		4C00EDB118A933DF00144262 /* Supporting Files */ = {
			isa = PBXGroup;
			children = (
				4C00EDB218A933DF00144262 /* TwitterFeedTests-Info.plist */,
				4C00EDB318A933DF00144262 /* InfoPlist.strings */,
			);
			name = "Supporting Files";
			sourceTree = "<group>";
		};
/* End PBXGroup section */

/* Begin PBXNativeTarget section */
		4C00ED8718A933DF00144262 /* TwitterFeed */ = {
			isa = PBXNativeTarget;
			buildConfigurationList = 4C00EDBA18A933DF00144262 /* Build configuration list for PBXNativeTarget "TwitterFeed" */;
			buildPhases = (
				4C00ED8418A933DF00144262 /* Sources */,
				4C00ED8518A933DF00144262 /* Frameworks */,
				4C00ED8618A933DF00144262 /* Resources */,
			);
			buildRules = (
			);
			dependencies = (
			);
			name = TwitterFeed;
			productName = TwitterFeed;
			productReference = 4C00ED8818A933DF00144262 /* TwitterFeed.app */;
			productType = "com.apple.product-type.application";
		};
		4C00EDA818A933DF00144262 /* TwitterFeedTests */ = {
			isa = PBXNativeTarget;
			buildConfigurationList = 4C00EDBD18A933DF00144262 /* Build configuration list for PBXNativeTarget "TwitterFeedTests" */;
			buildPhases = (
				4C00EDA518A933DF00144262 /* Sources */,
				4C00EDA618A933DF00144262 /* Frameworks */,
				4C00EDA718A933DF00144262 /* Resources */,
			);
			buildRules = (
			);
			dependencies = (
				4C00EDAF18A933DF00144262 /* PBXTargetDependency */,
			);
			name = TwitterFeedTests;
			productName = TwitterFeedTests;
			productReference = 4C00EDA918A933DF00144262 /* TwitterFeedTests.xctest */;
			productType = "com.apple.product-type.bundle.unit-test";
		};
/* End PBXNativeTarget section */

/* Begin PBXProject section */
		4C00ED8018A933DF00144262 /* Project object */ = {
			isa = PBXProject;
			attributes = {
				CLASSPREFIX = TF;
				LastUpgradeCheck = 0500;
				TargetAttributes = {
					4C00EDA818A933DF00144262 = {
						TestTargetID = 4C00ED8718A933DF00144262;
					};
				};
			};
			buildConfigurationList = 4C00ED8318A933DF00144262 /* Build configuration list for PBXProject "TwitterFeed" */;
			compatibilityVersion = "Xcode 3.2";
			developmentRegion = English;
			hasScannedForEncodings = 0;
			knownRegions = (
				en,
				Base,
			);
			mainGroup = 4C00ED7F18A933DF00144262;
			productRefGroup = 4C00ED8918A933DF00144262 /* Products */;
			projectDirPath = "";
			projectRoot = "";
			targets = (
				4C00ED8718A933DF00144262 /* TwitterFeed */,
				4C00EDA818A933DF00144262 /* TwitterFeedTests */,
			);
		};
/* End PBXProject section */

/* Begin PBXResourcesBuildPhase section */
		4C00ED8618A933DF00144262 /* Resources */ = {
			isa = PBXResourcesBuildPhase;
			buildActionMask = 2147483647;
			files = (
				4C00EDA418A933DF00144262 /* Images.xcassets in Resources */,
				4C00ED9618A933DF00144262 /* InfoPlist.strings in Resources */,
				4C00ED9F18A933DF00144262 /* Main.storyboard in Resources */,
			);
			runOnlyForDeploymentPostprocessing = 0;
		};
		4C00EDA718A933DF00144262 /* Resources */ = {
			isa = PBXResourcesBuildPhase;
			buildActionMask = 2147483647;
			files = (
				4C00EDB518A933DF00144262 /* InfoPlist.strings in Resources */,
			);
			runOnlyForDeploymentPostprocessing = 0;
		};
/* End PBXResourcesBuildPhase section */

/* Begin PBXSourcesBuildPhase section */
		4C00ED8418A933DF00144262 /* Sources */ = {
			isa = PBXSourcesBuildPhase;
			buildActionMask = 2147483647;
			files = (
				4C00EDA218A933DF00144262 /* TFViewController.m in Sources */,
				4C00EDC518A9347900144262 /* TFTweetService.m in Sources */,
				4C00ED9C18A933DF00144262 /* TFAppDelegate.m in Sources */,
				4C00ED9818A933DF00144262 /* main.m in Sources */,
				4C00EDC218A933FA00144262 /* TFTweet.m in Sources */,
			);
			runOnlyForDeploymentPostprocessing = 0;
		};
		4C00EDA518A933DF00144262 /* Sources */ = {
			isa = PBXSourcesBuildPhase;
			buildActionMask = 2147483647;
			files = (
				4C00EDB718A933DF00144262 /* TwitterFeedTests.m in Sources */,
			);
			runOnlyForDeploymentPostprocessing = 0;
		};
/* End PBXSourcesBuildPhase section */

/* Begin PBXTargetDependency section */
		4C00EDAF18A933DF00144262 /* PBXTargetDependency */ = {
			isa = PBXTargetDependency;
			target = 4C00ED8718A933DF00144262 /* TwitterFeed */;
			targetProxy = 4C00EDAE18A933DF00144262 /* PBXContainerItemProxy */;
		};
/* End PBXTargetDependency section */

/* Begin PBXVariantGroup section */
		4C00ED9418A933DF00144262 /* InfoPlist.strings */ = {
			isa = PBXVariantGroup;
			children = (
				4C00ED9518A933DF00144262 /* en */,
			);
			name = InfoPlist.strings;
			sourceTree = "<group>";
		};
		4C00ED9D18A933DF00144262 /* Main.storyboard */ = {
			isa = PBXVariantGroup;
			children = (
				4C00ED9E18A933DF00144262 /* Base */,
			);
			name = Main.storyboard;
			sourceTree = "<group>";
		};
		4C00EDB318A933DF00144262 /* InfoPlist.strings */ = {
			isa = PBXVariantGroup;
			children = (
				4C00EDB418A933DF00144262 /* en */,
			);
			name = InfoPlist.strings;
			sourceTree = "<group>";
		};
/* End PBXVariantGroup section */

/* Begin XCBuildConfiguration section */
		4C00EDB818A933DF00144262 /* Debug */ = {
			isa = XCBuildConfiguration;
			buildSettings = {
				ALWAYS_SEARCH_USER_PATHS = NO;
				ARCHS = "$(ARCHS_STANDARD_INCLUDING_64_BIT)";
				CLANG_CXX_LANGUAGE_STANDARD = "gnu++0x";
				CLANG_CXX_LIBRARY = "libc++";
				CLANG_ENABLE_MODULES = YES;
				CLANG_ENABLE_OBJC_ARC = YES;
				CLANG_WARN_BOOL_CONVERSION = YES;
				CLANG_WARN_CONSTANT_CONVERSION = YES;
				CLANG_WARN_DIRECT_OBJC_ISA_USAGE = YES_ERROR;
				CLANG_WARN_EMPTY_BODY = YES;
				CLANG_WARN_ENUM_CONVERSION = YES;
				CLANG_WARN_INT_CONVERSION = YES;
				CLANG_WARN_OBJC_ROOT_CLASS = YES_ERROR;
				CLANG_WARN__DUPLICATE_METHOD_MATCH = YES;
				"CODE_SIGN_IDENTITY[sdk=iphoneos*]" = "iPhone Developer";
				COPY_PHASE_STRIP = NO;
				GCC_C_LANGUAGE_STANDARD = gnu99;
				GCC_DYNAMIC_NO_PIC = NO;
				GCC_OPTIMIZATION_LEVEL = 0;
				GCC_PREPROCESSOR_DEFINITIONS = (
					"DEBUG=1",
					"$(inherited)",
				);
				GCC_SYMBOLS_PRIVATE_EXTERN = NO;
				GCC_WARN_64_TO_32_BIT_CONVERSION = YES;
				GCC_WARN_ABOUT_RETURN_TYPE = YES_ERROR;
				GCC_WARN_UNDECLARED_SELECTOR = YES;
				GCC_WARN_UNINITIALIZED_AUTOS = YES;
				GCC_WARN_UNUSED_FUNCTION = YES;
				GCC_WARN_UNUSED_VARIABLE = YES;
				IPHONEOS_DEPLOYMENT_TARGET = 7.0;
				ONLY_ACTIVE_ARCH = YES;
				SDKROOT = iphoneos;
			};
			name = Debug;
		};
		4C00EDB918A933DF00144262 /* Release */ = {
			isa = XCBuildConfiguration;
			buildSettings = {
				ALWAYS_SEARCH_USER_PATHS = NO;
				ARCHS = "$(ARCHS_STANDARD_INCLUDING_64_BIT)";
				CLANG_CXX_LANGUAGE_STANDARD = "gnu++0x";
				CLANG_CXX_LIBRARY = "libc++";
				CLANG_ENABLE_MODULES = YES;
				CLANG_ENABLE_OBJC_ARC = YES;
				CLANG_WARN_BOOL_CONVERSION = YES;
				CLANG_WARN_CONSTANT_CONVERSION = YES;
				CLANG_WARN_DIRECT_OBJC_ISA_USAGE = YES_ERROR;
				CLANG_WARN_EMPTY_BODY = YES;
				CLANG_WARN_ENUM_CONVERSION = YES;
				CLANG_WARN_INT_CONVERSION = YES;
				CLANG_WARN_OBJC_ROOT_CLASS = YES_ERROR;
				CLANG_WARN__DUPLICATE_METHOD_MATCH = YES;
				"CODE_SIGN_IDENTITY[sdk=iphoneos*]" = "iPhone Developer";
				COPY_PHASE_STRIP = YES;
				ENABLE_NS_ASSERTIONS = NO;
				GCC_C_LANGUAGE_STANDARD = gnu99;
				GCC_WARN_64_TO_32_BIT_CONVERSION = YES;
				GCC_WARN_ABOUT_RETURN_TYPE = YES_ERROR;
				GCC_WARN_UNDECLARED_SELECTOR = YES;
				GCC_WARN_UNINITIALIZED_AUTOS = YES;
				GCC_WARN_UNUSED_FUNCTION = YES;
				GCC_WARN_UNUSED_VARIABLE = YES;
				IPHONEOS_DEPLOYMENT_TARGET = 7.0;
				SDKROOT = iphoneos;
				VALIDATE_PRODUCT = YES;
			};
			name = Release;
		};
		4C00EDBB18A933DF00144262 /* Debug */ = {
			isa = XCBuildConfiguration;
			buildSettings = {
				ASSETCATALOG_COMPILER_APPICON_NAME = AppIcon;
				ASSETCATALOG_COMPILER_LAUNCHIMAGE_NAME = LaunchImage;
				GCC_PRECOMPILE_PREFIX_HEADER = YES;
				GCC_PREFIX_HEADER = "TwitterFeed/TwitterFeed-Prefix.pch";
				INFOPLIST_FILE = "TwitterFeed/TwitterFeed-Info.plist";
				PRODUCT_NAME = "$(TARGET_NAME)";
				WRAPPER_EXTENSION = app;
			};
			name = Debug;
		};
		4C00EDBC18A933DF00144262 /* Release */ = {
			isa = XCBuildConfiguration;
			buildSettings = {
				ASSETCATALOG_COMPILER_APPICON_NAME = AppIcon;
				ASSETCATALOG_COMPILER_LAUNCHIMAGE_NAME = LaunchImage;
				GCC_PRECOMPILE_PREFIX_HEADER = YES;
				GCC_PREFIX_HEADER = "TwitterFeed/TwitterFeed-Prefix.pch";
				INFOPLIST_FILE = "TwitterFeed/TwitterFeed-Info.plist";
				PRODUCT_NAME = "$(TARGET_NAME)";
				WRAPPER_EXTENSION = app;
			};
			name = Release;
		};
		4C00EDBE18A933DF00144262 /* Debug */ = {
			isa = XCBuildConfiguration;
			buildSettings = {
				ARCHS = "$(ARCHS_STANDARD_INCLUDING_64_BIT)";
				BUNDLE_LOADER = "$(BUILT_PRODUCTS_DIR)/TwitterFeed.app/TwitterFeed";
				FRAMEWORK_SEARCH_PATHS = (
					"$(SDKROOT)/Developer/Library/Frameworks",
					"$(inherited)",
					"$(DEVELOPER_FRAMEWORKS_DIR)",
				);
				GCC_PRECOMPILE_PREFIX_HEADER = YES;
				GCC_PREFIX_HEADER = "TwitterFeed/TwitterFeed-Prefix.pch";
				GCC_PREPROCESSOR_DEFINITIONS = (
					"DEBUG=1",
					"$(inherited)",
				);
				INFOPLIST_FILE = "TwitterFeedTests/TwitterFeedTests-Info.plist";
				PRODUCT_NAME = "$(TARGET_NAME)";
				TEST_HOST = "$(BUNDLE_LOADER)";
				WRAPPER_EXTENSION = xctest;
			};
			name = Debug;
		};
		4C00EDBF18A933DF00144262 /* Release */ = {
			isa = XCBuildConfiguration;
			buildSettings = {
				ARCHS = "$(ARCHS_STANDARD_INCLUDING_64_BIT)";
				BUNDLE_LOADER = "$(BUILT_PRODUCTS_DIR)/TwitterFeed.app/TwitterFeed";
				FRAMEWORK_SEARCH_PATHS = (
					"$(SDKROOT)/Developer/Library/Frameworks",
					"$(inherited)",
					"$(DEVELOPER_FRAMEWORKS_DIR)",
				);
				GCC_PRECOMPILE_PREFIX_HEADER = YES;
				GCC_PREFIX_HEADER = "TwitterFeed/TwitterFeed-Prefix.pch";
				INFOPLIST_FILE = "TwitterFeedTests/TwitterFeedTests-Info.plist";
				PRODUCT_NAME = "$(TARGET_NAME)";
				TEST_HOST = "$(BUNDLE_LOADER)";
				WRAPPER_EXTENSION = xctest;
			};
			name = Release;
		};
/* End XCBuildConfiguration section */

/* Begin XCConfigurationList section */
		4C00ED8318A933DF00144262 /* Build configuration list for PBXProject "TwitterFeed" */ = {
			isa = XCConfigurationList;
			buildConfigurations = (
				4C00EDB818A933DF00144262 /* Debug */,
				4C00EDB918A933DF00144262 /* Release */,
			);
			defaultConfigurationIsVisible = 0;
			defaultConfigurationName = Release;
		};
		4C00EDBA18A933DF00144262 /* Build configuration list for PBXNativeTarget "TwitterFeed" */ = {
			isa = XCConfigurationList;
			buildConfigurations = (
				4C00EDBB18A933DF00144262 /* Debug */,
				4C00EDBC18A933DF00144262 /* Release */,
			);
			defaultConfigurationIsVisible = 0;
		};
		4C00EDBD18A933DF00144262 /* Build configuration list for PBXNativeTarget "TwitterFeedTests" */ = {
			isa = XCConfigurationList;
			buildConfigurations = (
				4C00EDBE18A933DF00144262 /* Debug */,
				4C00EDBF18A933DF00144262 /* Release */,
			);
			defaultConfigurationIsVisible = 0;
		};
/* End XCConfigurationList section */
	};
	rootObject = 4C00ED8018A933DF00144262 /* Project object */;
}
